
Microsoft Visual Studio Solution File, Format Version 12.00
# Visual Studio 15
VisualStudioVersion = 15.0.28010.2046
MinimumVisualStudioVersion = 10.0.40219.1
Project("{FAE04EC0-301F-11D3-BF4B-00C04F79EFBC}") = "HOSPITALMVC", "HOSPITALMVC\HOSPITALMVC.csproj", "{31F981BE-6E42-41CB-9544-7D92AD3379EB}"
EndProject
Global
	GlobalSection(SolutionConfigurationPlatforms) = preSolution
		Debug|Any CPU = Debug|Any CPU
		Release|Any CPU = Release|Any CPU
	EndGlobalSection
	GlobalSection(ProjectConfigurationPlatforms) = postSolution
		{31F981BE-6E42-41CB-9544-7D92AD3379EB}.Debug|Any CPU.ActiveCfg = Debug|Any CPU
		{31F981BE-6E42-41CB-9544-7D92AD3379EB}.Debug|Any CPU.Build.0 = Debug|Any CPU
		{31F981BE-6E42-41CB-9544-7D92AD3379EB}.Release|Any CPU.ActiveCfg = Release|Any CPU
		{31F981BE-6E42-41CB-9544-7D92AD3379EB}.Release|Any CPU.Build.0 = Release|Any CPU
	EndGlobalSection
	GlobalSection(SolutionProperties) = preSolution
		HideSolutionNode = FALSE
	EndGlobalSection
	GlobalSection(ExtensibilityGlobals) = postSolution
		SolutionGuid = {EB67F19F-8C24-4284-8B55-D1D32F8B36FA}
	EndGlobalSection
EndGlobal
